
Microsoft Visual Studio Solution File, Format Version 12.00
# Visual Studio Version 17
VisualStudioVersion = 17.14.36121.58 d17.14
MinimumVisualStudioVersion = 10.0.40219.1
Project("{FAE04EC0-301F-11D3-BF4B-00C04F79EFBC}") = "cshl7test", "cshl7test\cshl7test.csproj", "{B0A57CAA-B681-4BF4-B95B-65EC020AEF66}"
EndProject
Global
	GlobalSection(SolutionConfigurationPlatforms) = preSolution
		Debug|Any CPU = Debug|Any CPU
		Release|Any CPU = Release|Any CPU
	EndGlobalSection
	GlobalSection(ProjectConfigurationPlatforms) = postSolution
		{B0A57CAA-B681-4BF4-B95B-65EC020AEF66}.Debug|Any CPU.ActiveCfg = Debug|Any CPU
		{B0A57CAA-B681-4BF4-B95B-65EC020AEF66}.Debug|Any CPU.Build.0 = Debug|Any CPU
		{B0A57CAA-B681-4BF4-B95B-65EC020AEF66}.Release|Any CPU.ActiveCfg = Release|Any CPU
		{B0A57CAA-B681-4BF4-B95B-65EC020AEF66}.Release|Any CPU.Build.0 = Release|Any CPU
	EndGlobalSection
	GlobalSection(SolutionProperties) = preSolution
		HideSolutionNode = FALSE
	EndGlobalSection
	GlobalSection(ExtensibilityGlobals) = postSolution
		SolutionGuid = {7841C4D4-AD92-40BB-84BF-F8E0D2C6EB03}
	EndGlobalSection
EndGlobal
